
Microsoft Visual Studio Solution File, Format Version 12.00
# Visual Studio 15
VisualStudioVersion = 15.0.28307.902
MinimumVisualStudioVersion = 10.0.40219.1
Project("{F184B08F-C81C-45F6-A57F-5ABD9991F28F}") = "Clinic Management System", "Clinic Management System\Clinic Management System.vbproj", "{5D588CE7-673C-4E83-A400-F7A9378AC206}"
EndProject
Global
	GlobalSection(SolutionConfigurationPlatforms) = preSolution
		Debug|Any CPU = Debug|Any CPU
		Release|Any CPU = Release|Any CPU
	EndGlobalSection
	GlobalSection(ProjectConfigurationPlatforms) = postSolution
		{5D588CE7-673C-4E83-A400-F7A9378AC206}.Debug|Any CPU.ActiveCfg = Debug|Any CPU
		{5D588CE7-673C-4E83-A400-F7A9378AC206}.Debug|Any CPU.Build.0 = Debug|Any CPU
		{5D588CE7-673C-4E83-A400-F7A9378AC206}.Release|Any CPU.ActiveCfg = Release|Any CPU
		{5D588CE7-673C-4E83-A400-F7A9378AC206}.Release|Any CPU.Build.0 = Release|Any CPU
	EndGlobalSection
	GlobalSection(SolutionProperties) = preSolution
		HideSolutionNode = FALSE
	EndGlobalSection
	GlobalSection(ExtensibilityGlobals) = postSolution
		SolutionGuid = {B2BA1694-3904-4297-BEE5-46049ADA65CA}
	EndGlobalSection
EndGlobal
